# This file is automatically @generated by Wally.
# It is not intended for manual editing.
registry = "test"

[[package]]
name = "overlinejunior/state-machine"
version = "2.4.1"
dependencies = [["Option", "sleitnick/option@1.0.4"]]

[[package]]
name = "sleitnick/option"
version = "1.0.4"
dependencies = []
